<?xml version="1.0" encoding="Windows-1252"?>
<Project ToolsVersion="12.0" xmlns="http://schemas.microsoft.com/developer/msbuild/2003">
  <ItemGroup>
    <ClCompile Include="..\timetable\dl_line.c">
      <Filter>Source Files</Filter>
    </ClCompile>
    <ClCompile Include="..\timetable\dl_lineptn.c">
      <Filter>Source Files</Filter>
    </ClCompile>
    <ClCompile Include="..\timetable\dl_mask.c">
      <Filter>Source Files</Filter>
    </ClCompile>
    <ClCompile Include="..\timetable\dl_route.c">
      <Filter>Source Files</Filter>
    </ClCompile>
    <ClCompile Include="..\timetable\hash.c">
      <Filter>Source Files</Filter>
    </ClCompile>
    <ClCompile Include="..\timetable\ltt_api.c">
      <Filter>Source Files</Filter>
    </ClCompile>
    <ClCompile Include="..\timetable\ltt_dest.c">
      <Filter>Source Files</Filter>
    </ClCompile>
    <ClCompile Include="..\timetable\ltt_excptrule.c">
      <Filter>Source Files</Filter>
    </ClCompile>
    <ClCompile Include="..\timetable\ltt_group_line.c">
      <Filter>Source Files</Filter>
    </ClCompile>
    <ClCompile Include="..\timetable\ltt_init.c">
      <Filter>Source Files</Filter>
    </ClCompile>
    <ClCompile Include="..\timetable\ltt_line.c">
      <Filter>Source Files</Filter>
    </ClCompile>
    <ClCompile Include="..\timetable\ltt_secptn.c">
      <Filter>Source Files</Filter>
    </ClCompile>
    <ClCompile Include="..\timetable\ltt_section.c">
      <Filter>Source Files</Filter>
    </ClCompile>
    <ClCompile Include="..\timetable\ltt_station.c">
      <Filter>Source Files</Filter>
    </ClCompile>
    <ClCompile Include="..\timetable\ltt_summary.c">
      <Filter>Source Files</Filter>
    </ClCompile>
    <ClCompile Include="..\timetable\ltt_timetable.c">
      <Filter>Source Files</Filter>
    </ClCompile>
    <ClCompile Include="..\timetable\ltt_train.c">
      <Filter>Source Files</Filter>
    </ClCompile>
    <ClCompile Include="..\timetable\ltt_ttgroup.c">
      <Filter>Source Files</Filter>
    </ClCompile>
    <ClCompile Include="..\timetable\ltt_util.c">
      <Filter>Source Files</Filter>
    </ClCompile>
    <ClCompile Include="..\timetable\vector.c">
      <Filter>Source Files</Filter>
    </ClCompile>
    <ClCompile Include="..\timetable_trunk\Dia_STtimeTable.c">
      <Filter>Source Files</Filter>
    </ClCompile>
    <ClCompile Include="..\timetable_trunk\Dia_TimeTable.c">
      <Filter>Source Files</Filter>
    </ClCompile>
    <ClCompile Include="..\timetable_trunk\Dia_TRtimeTable.c">
      <Filter>Source Files</Filter>
    </ClCompile>
    <ClCompile Include="..\Platform\Sources\ExpContainer.c">
      <Filter>Source Files</Filter>
    </ClCompile>
    <ClCompile Include="..\Platform\Sources\ExpContainerTools.c">
      <Filter>Source Files</Filter>
    </ClCompile>
    <ClCompile Include="..\Platform\Sources\ExpDate.c">
      <Filter>Source Files</Filter>
    </ClCompile>
    <ClCompile Include="..\Platform\Sources\ExpFile.c">
      <Filter>Source Files</Filter>
    </ClCompile>
    <ClCompile Include="..\Platform\Sources\ExpGetToday.c">
      <Filter>Source Files</Filter>
    </ClCompile>
    <ClCompile Include="..\Platform\Sources\ExpJapan.c">
      <Filter>Source Files</Filter>
    </ClCompile>
    <ClCompile Include="..\Platform\Sources\ExpMem.c">
      <Filter>Source Files</Filter>
    </ClCompile>
    <ClCompile Include="..\ExpLib\Sources\AddKm.c">
      <Filter>Source Files</Filter>
    </ClCompile>
    <ClCompile Include="..\ExpLib\Sources\Air.c">
      <Filter>Source Files</Filter>
    </ClCompile>
    <ClCompile Include="..\ExpLib\Sources\AirFare.c">
      <Filter>Source Files</Filter>
    </ClCompile>
    <ClCompile Include="..\ExpLib\Sources\BinarySearch.c">
      <Filter>Source Files</Filter>
    </ClCompile>
    <ClCompile Include="..\ExpLib\Sources\BothWay.c">
      <Filter>Source Files</Filter>
    </ClCompile>
    <ClCompile Include="..\ExpLib\Sources\BTicket.c">
      <Filter>Source Files</Filter>
    </ClCompile>
    <ClCompile Include="..\ExpLib\Sources\BusWari.c">
      <Filter>Source Files</Filter>
    </ClCompile>
    <ClCompile Include="..\ExpLib\Sources\Calc3War.c">
      <Filter>Source Files</Filter>
    </ClCompile>
    <ClCompile Include="..\ExpLib\Sources\Calc4War.c">
      <Filter>Source Files</Filter>
    </ClCompile>
    <ClCompile Include="..\ExpLib\Sources\CalcAir.c">
      <Filter>Source Files</Filter>
    </ClCompile>
    <ClCompile Include="..\ExpLib\Sources\CalcBus.c">
      <Filter>Source Files</Filter>
    </ClCompile>
    <ClCompile Include="..\ExpLib\Sources\CalcChild.c">
      <Filter>Source Files</Filter>
    </ClCompile>
    <ClCompile Include="..\ExpLib\Sources\CalcEida.c">
      <Filter>Source Files</Filter>
    </ClCompile>
    <ClCompile Include="..\ExpLib\Sources\CalcEiTo.c">
      <Filter>Source Files</Filter>
    </ClCompile>
    <ClCompile Include="..\ExpLib\Sources\CalcExp.c">
      <Filter>Source Files</Filter>
    </ClCompile>
    <ClCompile Include="..\ExpLib\Sources\CalcFare.c">
      <Filter>Source Files</Filter>
    </ClCompile>
    <ClCompile Include="..\ExpLib\Sources\CalcHden.c">
      <Filter>Source Files</Filter>
    </ClCompile>
    <ClCompile Include="..\ExpLib\Sources\CalcIC.c">
      <Filter>Source Files</Filter>
    </ClCompile>
    <ClCompile Include="..\ExpLib\Sources\CalcJR.c">
      <Filter>Source Files</Filter>
    </ClCompile>
    <ClCompile Include="..\ExpLib\Sources\CalcJR2.c">
      <Filter>Source Files</Filter>
    </ClCompile>
    <ClCompile Include="..\ExpLib\Sources\CalcJR3.c">
      <Filter>Source Files</Filter>
    </ClCompile>
    <ClCompile Include="..\ExpLib\Sources\CalcKeih.c">
      <Filter>Source Files</Filter>
    </ClCompile>
    <ClCompile Include="..\ExpLib\Sources\CalcKeis.c">
      <Filter>Source Files</Filter>
    </ClCompile>
    <ClCompile Include="..\ExpLib\Sources\CalcKint.c">
      <Filter>Source Files</Filter>
    </ClCompile>
    <ClCompile Include="..\ExpLib\Sources\CalcKKosoku.c">
      <Filter>Source Files</Filter>
    </ClCompile>
    <ClCompile Include="..\ExpLib\Sources\CalcMeit.c">
      <Filter>Source Files</Filter>
    </ClCompile>
    <ClCompile Include="..\ExpLib\Sources\CalcOsa.c">
      <Filter>Source Files</Filter>
    </ClCompile>
    <ClCompile Include="..\ExpLib\Sources\CalcSep.c">
      <Filter>Source Files</Filter>
    </ClCompile>
    <ClCompile Include="..\ExpLib\Sources\CalcToqu.c">
      <Filter>Source Files</Filter>
    </ClCompile>
    <ClCompile Include="..\ExpLib\Sources\CalcTosa.c">
      <Filter>Source Files</Filter>
    </ClCompile>
    <ClCompile Include="..\ExpLib\Sources\CalcTotal.c">
      <Filter>Source Files</Filter>
    </ClCompile>
    <ClCompile Include="..\ExpLib\Sources\CalcWari.c">
      <Filter>Source Files</Filter>
    </ClCompile>
    <ClCompile Include="..\ExpLib\Sources\CalcZeng.c">
      <Filter>Source Files</Filter>
    </ClCompile>
    <ClCompile Include="..\ExpLib\Sources\ChainControl.c">
      <Filter>Source Files</Filter>
    </ClCompile>
    <ClCompile Include="..\ExpLib\Sources\Charges.c">
      <Filter>Source Files</Filter>
    </ClCompile>
    <ClCompile Include="..\ExpLib\Sources\Cheap.c">
      <Filter>Source Files</Filter>
    </ClCompile>
    <ClCompile Include="..\ExpLib\Sources\Check.c">
      <Filter>Source Files</Filter>
    </ClCompile>
    <ClCompile Include="..\ExpLib\Sources\Chk2CoRl.c">
      <Filter>Source Files</Filter>
    </ClCompile>
    <ClCompile Include="..\ExpLib\Sources\CodeTable.c">
      <Filter>Source Files</Filter>
    </ClCompile>
    <ClCompile Include="..\ExpLib\Sources\CodeTool.c">
      <Filter>Source Files</Filter>
    </ClCompile>
    <ClCompile Include="..\ExpLib\Sources\CountSta.c">
      <Filter>Source Files</Filter>
    </ClCompile>
    <ClCompile Include="..\ExpLib\Sources\CutLBit.c">
      <Filter>Source Files</Filter>
    </ClCompile>
    <ClCompile Include="..\ExpLib\Sources\DDS_BuildAvgLinkInfo.c">
      <Filter>Source Files</Filter>
    </ClCompile>
    <ClCompile Include="..\ExpLib\Sources\DDS_CheckLinkRoute.c">
      <Filter>Source Files</Filter>
    </ClCompile>
    <ClCompile Include="..\ExpLib\Sources\DDS_CreateLink.c">
      <Filter>Source Files</Filter>
    </ClCompile>
    <ClCompile Include="..\ExpLib\Sources\DDS_EditRoute.c">
      <Filter>Source Files</Filter>
    </ClCompile>
    <ClCompile Include="..\ExpLib\Sources\DDS_Job.c">
      <Filter>Source Files</Filter>
    </ClCompile>
    <ClCompile Include="..\ExpLib\Sources\DDS_Link.c">
      <Filter>Source Files</Filter>
    </ClCompile>
    <ClCompile Include="..\ExpLib\Sources\DDS_LinkUty.c">
      <Filter>Source Files</Filter>
    </ClCompile>
    <ClCompile Include="..\ExpLib\Sources\DDS_Mask.c">
      <Filter>Source Files</Filter>
    </ClCompile>
    <ClCompile Include="..\ExpLib\Sources\DDS_NodeList.c">
      <Filter>Source Files</Filter>
    </ClCompile>
    <ClCompile Include="..\ExpLib\Sources\DDS_Search.c">
      <Filter>Source Files</Filter>
    </ClCompile>
    <ClCompile Include="..\ExpLib\Sources\DDS_StockRoute.c">
      <Filter>Source Files</Filter>
    </ClCompile>
    <ClCompile Include="..\ExpLib\Sources\DDS_StockTrain.c">
      <Filter>Source Files</Filter>
    </ClCompile>
    <ClCompile Include="..\ExpLib\Sources\DiaRail.c">
      <Filter>Source Files</Filter>
    </ClCompile>
    <ClCompile Include="..\ExpLib\Sources\DspMemCtrl.c">
      <Filter>Source Files</Filter>
    </ClCompile>
    <ClCompile Include="..\ExpLib\Sources\DspSort.c">
      <Filter>Source Files</Filter>
    </ClCompile>
    <ClCompile Include="..\ExpLib\Sources\EditRoute.c">
      <Filter>Source Files</Filter>
    </ClCompile>
    <ClCompile Include="..\ExpLib\Sources\EditTool.c">
      <Filter>Source Files</Filter>
    </ClCompile>
    <ClCompile Include="..\ExpLib\Sources\EkiCd.c">
      <Filter>Source Files</Filter>
    </ClCompile>
    <ClCompile Include="..\ExpLib\Sources\ExpAirFare.c">
      <Filter>Source Files</Filter>
    </ClCompile>
    <ClCompile Include="..\ExpLib\Sources\ExpAirFareClassList.c">
      <Filter>Source Files</Filter>
    </ClCompile>
    <ClCompile Include="..\ExpLib\Sources\ExpAirVacancy.c">
      <Filter>Source Files</Filter>
    </ClCompile>
    <ClCompile Include="..\ExpLib\Sources\ExpBaseRail.c">
      <Filter>Source Files</Filter>
    </ClCompile>
    <ClCompile Include="..\ExpLib\Sources\ExpBit.c">
      <Filter>Source Files</Filter>
    </ClCompile>
    <ClCompile Include="..\ExpLib\Sources\ExpConfig.c">
      <Filter>Source Files</Filter>
    </ClCompile>
    <ClCompile Include="..\ExpLib\Sources\ExpCorp.c">
      <Filter>Source Files</Filter>
    </ClCompile>
    <ClCompile Include="..\ExpLib\Sources\ExpCorpMask.c">
      <Filter>Source Files</Filter>
    </ClCompile>
    <ClCompile Include="..\ExpLib\Sources\ExpCorpSectionList.c">
      <Filter>Source Files</Filter>
    </ClCompile>
    <ClCompile Include="..\ExpLib\Sources\ExpCouponTicket.c">
      <Filter>Source Files</Filter>
    </ClCompile>
    <ClCompile Include="..\ExpLib\Sources\ExpCtrl.c">
      <Filter>Source Files</Filter>
    </ClCompile>
    <ClCompile Include="..\ExpLib\Sources\ExpDataCtrl.c">
      <Filter>Source Files</Filter>
    </ClCompile>
    <ClCompile Include="..\ExpLib\Sources\ExpDataFile.c">
      <Filter>Source Files</Filter>
    </ClCompile>
    <ClCompile Include="..\ExpLib\Sources\ExpDiaRail.c">
      <Filter>Source Files</Filter>
    </ClCompile>
    <ClCompile Include="..\ExpLib\Sources\ExpError.c">
      <Filter>Source Files</Filter>
    </ClCompile>
    <ClCompile Include="..\ExpLib\Sources\ExpFareClassList.c">
      <Filter>Source Files</Filter>
    </ClCompile>
    <ClCompile Include="..\ExpLib\Sources\ExpFileEntry.c">
      <Filter>Source Files</Filter>
    </ClCompile>
    <ClCompile Include="..\ExpLib\Sources\ExpGate.c">
      <Filter>Source Files</Filter>
    </ClCompile>
    <ClCompile Include="..\ExpLib\Sources\ExpGuidExit.c">
      <Filter>Source Files</Filter>
    </ClCompile>
    <ClCompile Include="..\ExpLib\Sources\ExpGuidMap.c">
      <Filter>Source Files</Filter>
    </ClCompile>
    <ClCompile Include="..\ExpLib\Sources\ExpGuidWelfare.c">
      <Filter>Source Files</Filter>
    </ClCompile>
    <ClCompile Include="..\ExpLib\Sources\ExpHandler.c">
      <Filter>Source Files</Filter>
    </ClCompile>
    <ClCompile Include="..\ExpLib\Sources\ExpICCardList.c">
      <Filter>Source Files</Filter>
    </ClCompile>
    <ClCompile Include="..\ExpLib\Sources\ExpIOWayMask.c">
      <Filter>Source Files</Filter>
    </ClCompile>
    <ClCompile Include="..\ExpLib\Sources\ExpLandMark.c">
      <Filter>Source Files</Filter>
    </ClCompile>
    <ClCompile Include="..\ExpLib\Sources\ExpLandmarkExt.c">
      <Filter>Source Files</Filter>
    </ClCompile>
    <ClCompile Include="..\ExpLib\Sources\ExpLatiLongi.c">
      <Filter>Source Files</Filter>
    </ClCompile>
    <ClCompile Include="..\ExpLib\Sources\ExpParam.c">
      <Filter>Source Files</Filter>
    </ClCompile>
    <ClCompile Include="..\ExpLib\Sources\ExpProgress.c">
      <Filter>Source Files</Filter>
    </ClCompile>
    <ClCompile Include="..\ExpLib\Sources\ExpRail.c">
      <Filter>Source Files</Filter>
    </ClCompile>
    <ClCompile Include="..\ExpLib\Sources\ExpRailMask.c">
      <Filter>Source Files</Filter>
    </ClCompile>
    <ClCompile Include="..\ExpLib\Sources\ExpRailSectionList.c">
      <Filter>Source Files</Filter>
    </ClCompile>
    <ClCompile Include="..\ExpLib\Sources\ExpRangeRes.c">
      <Filter>Source Files</Filter>
    </ClCompile>
    <ClCompile Include="..\ExpLib\Sources\ExpRepay.c">
      <Filter>Source Files</Filter>
    </ClCompile>
    <ClCompile Include="..\ExpLib\Sources\ExpRestoreRoute.c">
      <Filter>Source Files</Filter>
    </ClCompile>
    <ClCompile Include="..\ExpLib\Sources\ExpRouteBus.c">
      <Filter>Source Files</Filter>
    </ClCompile>
    <ClCompile Include="..\ExpLib\Sources\ExpRouteRes.c">
      <Filter>Source Files</Filter>
    </ClCompile>
    <ClCompile Include="..\ExpLib\Sources\ExpSearchCtrl.c">
      <Filter>Source Files</Filter>
    </ClCompile>
    <ClCompile Include="..\ExpLib\Sources\ExpSeason.c">
      <Filter>Source Files</Filter>
    </ClCompile>
    <ClCompile Include="..\ExpLib\Sources\ExpSection.c">
      <Filter>Source Files</Filter>
    </ClCompile>
    <ClCompile Include="..\ExpLib\Sources\ExpStation.c">
      <Filter>Source Files</Filter>
    </ClCompile>
    <ClCompile Include="..\ExpLib\Sources\ExpStationMask.c">
      <Filter>Source Files</Filter>
    </ClCompile>
    <ClCompile Include="..\ExpLib\Sources\ExpStopSections.c">
      <Filter>Source Files</Filter>
    </ClCompile>
    <ClCompile Include="..\ExpLib\Sources\ExpSurchargeList.c">
      <Filter>Source Files</Filter>
    </ClCompile>
    <ClCompile Include="..\ExpLib\Sources\ExpTeikiClassList.c">
      <Filter>Source Files</Filter>
    </ClCompile>
    <ClCompile Include="..\ExpLib\Sources\ExpTeikiRoute.c">
      <Filter>Source Files</Filter>
    </ClCompile>
    <ClCompile Include="..\ExpLib\Sources\ExpTeikiSeatList.c">
      <Filter>Source Files</Filter>
    </ClCompile>
    <ClCompile Include="..\ExpLib\Sources\ExpTicketSysList.c">
      <Filter>Source Files</Filter>
    </ClCompile>
    <ClCompile Include="..\ExpLib\Sources\ExpTimetable.c">
      <Filter>Source Files</Filter>
    </ClCompile>
    <ClCompile Include="..\ExpLib\Sources\ExpWalkInfo.c">
      <Filter>Source Files</Filter>
    </ClCompile>
    <ClCompile Include="..\ExpLib\Sources\FareCorp.c">
      <Filter>Source Files</Filter>
    </ClCompile>
    <ClCompile Include="..\ExpLib\Sources\FareSub.c">
      <Filter>Source Files</Filter>
    </ClCompile>
    <ClCompile Include="..\ExpLib\Sources\FrameRoute.c">
      <Filter>Source Files</Filter>
    </ClCompile>
    <ClCompile Include="..\ExpLib\Sources\ICCard.c">
      <Filter>Source Files</Filter>
    </ClCompile>
    <ClCompile Include="..\ExpLib\Sources\InsSepL.c">
      <Filter>Source Files</Filter>
    </ClCompile>
    <ClCompile Include="..\ExpLib\Sources\IOAirM.c">
      <Filter>Source Files</Filter>
    </ClCompile>
    <ClCompile Include="..\ExpLib\Sources\IOArea.c">
      <Filter>Source Files</Filter>
    </ClCompile>
    <ClCompile Include="..\ExpLib\Sources\IOBedCar.c">
      <Filter>Source Files</Filter>
    </ClCompile>
    <ClCompile Include="..\ExpLib\Sources\IOChangeTime.c">
      <Filter>Source Files</Filter>
    </ClCompile>
    <ClCompile Include="..\ExpLib\Sources\IOCnvSta.c">
      <Filter>Source Files</Filter>
    </ClCompile>
    <ClCompile Include="..\ExpLib\Sources\IOCorp.c">
      <Filter>Source Files</Filter>
    </ClCompile>
    <ClCompile Include="..\ExpLib\Sources\IOData.c">
      <Filter>Source Files</Filter>
    </ClCompile>
    <ClCompile Include="..\ExpLib\Sources\IODiaBit.c">
      <Filter>Source Files</Filter>
    </ClCompile>
    <ClCompile Include="..\ExpLib\Sources\IOExpAdd.c">
      <Filter>Source Files</Filter>
    </ClCompile>
    <ClCompile Include="..\ExpLib\Sources\IOExpRl.c">
      <Filter>Source Files</Filter>
    </ClCompile>
    <ClCompile Include="..\ExpLib\Sources\IOFare.c">
      <Filter>Source Files</Filter>
    </ClCompile>
    <ClCompile Include="..\ExpLib\Sources\IOFNo.c">
      <Filter>Source Files</Filter>
    </ClCompile>
    <ClCompile Include="..\ExpLib\Sources\IOGate.c">
      <Filter>Source Files</Filter>
    </ClCompile>
    <ClCompile Include="..\ExpLib\Sources\IOGuid.c">
      <Filter>Source Files</Filter>
    </ClCompile>
    <ClCompile Include="..\ExpLib\Sources\IOInChg.c">
      <Filter>Source Files</Filter>
    </ClCompile>
    <ClCompile Include="..\ExpLib\Sources\IOKenRl.c">
      <Filter>Source Files</Filter>
    </ClCompile>
    <ClCompile Include="..\ExpLib\Sources\IOKmUnit.c">
      <Filter>Source Files</Filter>
    </ClCompile>
    <ClCompile Include="..\ExpLib\Sources\IOLink.c">
      <Filter>Source Files</Filter>
    </ClCompile>
    <ClCompile Include="..\ExpLib\Sources\IOListData.c">
      <Filter>Source Files</Filter>
    </ClCompile>
    <ClCompile Include="..\ExpLib\Sources\IONameIx.c">
      <Filter>Source Files</Filter>
    </ClCompile>
    <ClCompile Include="..\ExpLib\Sources\IONotUse.c">
      <Filter>Source Files</Filter>
    </ClCompile>
    <ClCompile Include="..\ExpLib\Sources\IONTeiki.c">
      <Filter>Source Files</Filter>
    </ClCompile>
    <ClCompile Include="..\ExpLib\Sources\IOPole.c">
      <Filter>Source Files</Filter>
    </ClCompile>
    <ClCompile Include="..\ExpLib\Sources\IORail.c">
      <Filter>Source Files</Filter>
    </ClCompile>
    <ClCompile Include="..\ExpLib\Sources\IORailCh.c">
      <Filter>Source Files</Filter>
    </ClCompile>
    <ClCompile Include="..\ExpLib\Sources\IORailM.c">
      <Filter>Source Files</Filter>
    </ClCompile>
    <ClCompile Include="..\ExpLib\Sources\IORailNg.c">
      <Filter>Source Files</Filter>
    </ClCompile>
    <ClCompile Include="..\ExpLib\Sources\IORenm.c">
      <Filter>Source Files</Filter>
    </ClCompile>
    <ClCompile Include="..\ExpLib\Sources\IORouteBus.c">
      <Filter>Source Files</Filter>
    </ClCompile>
    <ClCompile Include="..\ExpLib\Sources\IOSenkuGrp.c">
      <Filter>Source Files</Filter>
    </ClCompile>
    <ClCompile Include="..\ExpLib\Sources\IOSenkumei.c">
      <Filter>Source Files</Filter>
    </ClCompile>
    <ClCompile Include="..\ExpLib\Sources\IOSenmei.c">
      <Filter>Source Files</Filter>
    </ClCompile>
    <ClCompile Include="..\ExpLib\Sources\IOSleepM.c">
      <Filter>Source Files</Filter>
    </ClCompile>
    <ClCompile Include="..\ExpLib\Sources\IOSplRail.c">
      <Filter>Source Files</Filter>
    </ClCompile>
    <ClCompile Include="..\ExpLib\Sources\IOSta1st.c">
      <Filter>Source Files</Filter>
    </ClCompile>
    <ClCompile Include="..\ExpLib\Sources\IOStaGrp.c">
      <Filter>Source Files</Filter>
    </ClCompile>
    <ClCompile Include="..\ExpLib\Sources\IOStaM.c">
      <Filter>Source Files</Filter>
    </ClCompile>
    <ClCompile Include="..\ExpLib\Sources\IOStaRl.c">
      <Filter>Source Files</Filter>
    </ClCompile>
    <ClCompile Include="..\ExpLib\Sources\IOStaWt.c">
      <Filter>Source Files</Filter>
    </ClCompile>
    <ClCompile Include="..\ExpLib\Sources\IOTime.c">
      <Filter>Source Files</Filter>
    </ClCompile>
    <ClCompile Include="..\ExpLib\Sources\IOWalk.c">
      <Filter>Source Files</Filter>
    </ClCompile>
    <ClCompile Include="..\ExpLib\Sources\IOWari2F.c">
      <Filter>Source Files</Filter>
    </ClCompile>
    <ClCompile Include="..\ExpLib\Sources\IOWari2H.c">
      <Filter>Source Files</Filter>
    </ClCompile>
    <ClCompile Include="..\ExpLib\Sources\IOWari2T.c">
      <Filter>Source Files</Filter>
    </ClCompile>
    <ClCompile Include="..\ExpLib\Sources\IOWari3F.c">
      <Filter>Source Files</Filter>
    </ClCompile>
    <ClCompile Include="..\ExpLib\Sources\IOWari3H.c">
      <Filter>Source Files</Filter>
    </ClCompile>
    <ClCompile Include="..\ExpLib\Sources\IOWari3T.c">
      <Filter>Source Files</Filter>
    </ClCompile>
    <ClCompile Include="..\ExpLib\Sources\IOWari4F.c">
      <Filter>Source Files</Filter>
    </ClCompile>
    <ClCompile Include="..\ExpLib\Sources\IOZengo.c">
      <Filter>Source Files</Filter>
    </ClCompile>
    <ClCompile Include="..\ExpLib\Sources\IsBack.c">
      <Filter>Source Files</Filter>
    </ClCompile>
    <ClCompile Include="..\ExpLib\Sources\JrRailKB.c">
      <Filter>Source Files</Filter>
    </ClCompile>
    <ClCompile Include="..\ExpLib\Sources\JrResInfo.c">
      <Filter>Source Files</Filter>
    </ClCompile>
    <ClCompile Include="..\ExpLib\Sources\Kasan.c">
      <Filter>Source Files</Filter>
    </ClCompile>
    <ClCompile Include="..\ExpLib\Sources\KmAdjust.c">
      <Filter>Source Files</Filter>
    </ClCompile>
    <ClCompile Include="..\ExpLib\Sources\KmDisped.c">
      <Filter>Source Files</Filter>
    </ClCompile>
    <ClCompile Include="..\ExpLib\Sources\LinearSearch.c">
      <Filter>Source Files</Filter>
    </ClCompile>
    <ClCompile Include="..\ExpLib\Sources\LinkDel.c">
      <Filter>Source Files</Filter>
    </ClCompile>
    <ClCompile Include="..\ExpLib\Sources\LinkEki.c">
      <Filter>Source Files</Filter>
    </ClCompile>
    <ClCompile Include="..\ExpLib\Sources\LinkLoad.c">
      <Filter>Source Files</Filter>
    </ClCompile>
    <ClCompile Include="..\ExpLib\Sources\LinkOpen.c">
      <Filter>Source Files</Filter>
    </ClCompile>
    <ClCompile Include="..\ExpLib\Sources\LinkSort.c">
      <Filter>Source Files</Filter>
    </ClCompile>
    <ClCompile Include="..\ExpLib\Sources\Melt.c">
      <Filter>Source Files</Filter>
    </ClCompile>
    <ClCompile Include="..\ExpLib\Sources\PassList.c">
      <Filter>Source Files</Filter>
    </ClCompile>
    <ClCompile Include="..\ExpLib\Sources\Repay.c">
      <Filter>Source Files</Filter>
    </ClCompile>
    <ClCompile Include="..\ExpLib\Sources\ResCalc.c">
      <Filter>Source Files</Filter>
    </ClCompile>
    <ClCompile Include="..\ExpLib\Sources\Reserve.c">
      <Filter>Source Files</Filter>
    </ClCompile>
    <ClCompile Include="..\ExpLib\Sources\SaveFare.c">
      <Filter>Source Files</Filter>
    </ClCompile>
    <ClCompile Include="..\ExpLib\Sources\SaveKM.c">
      <Filter>Source Files</Filter>
    </ClCompile>
    <ClCompile Include="..\ExpLib\Sources\Scramble.c">
      <Filter>Source Files</Filter>
    </ClCompile>
    <ClCompile Include="..\ExpLib\Sources\SearchRange.c">
      <Filter>Source Files</Filter>
    </ClCompile>
    <ClCompile Include="..\ExpLib\Sources\SearchRoute.c">
      <Filter>Source Files</Filter>
    </ClCompile>
    <ClCompile Include="..\ExpLib\Sources\SeatAdj.c">
      <Filter>Source Files</Filter>
    </ClCompile>
    <ClCompile Include="..\ExpLib\Sources\SeqPos.c">
      <Filter>Source Files</Filter>
    </ClCompile>
    <ClCompile Include="..\ExpLib\Sources\SetRails.c">
      <Filter>Source Files</Filter>
    </ClCompile>
    <ClCompile Include="..\ExpLib\Sources\Teiki.c">
      <Filter>Source Files</Filter>
    </ClCompile>
    <ClCompile Include="..\ExpLib\Sources\TmTLoad.c">
      <Filter>Source Files</Filter>
    </ClCompile>
    <ClCompile Include="..\ExpLib\Sources\UseRails.c">
      <Filter>Source Files</Filter>
    </ClCompile>
    <ClCompile Include="..\ExpLib\Sources\UseRange.c">
      <Filter>Source Files</Filter>
    </ClCompile>
    <ClCompile Include="..\ExpLib\Sources\Weight.c">
      <Filter>Source Files</Filter>
    </ClCompile>
    <ClCompile Include="..\ExpLib\Sources\_DDS_Debug.c">
      <Filter>Source Files</Filter>
    </ClCompile>
    <ClCompile Include="..\ExpLib\Sources\_RangeSearch.c">
      <Filter>Source Files</Filter>
    </ClCompile>
    <ClCompile Include="..\ExpLib\Sources\_RouteCheck.c">
      <Filter>Source Files</Filter>
    </ClCompile>
    <ClCompile Include="..\ExpLib\Sources\_RouteSearch.c">
      <Filter>Source Files</Filter>
    </ClCompile>
    <ClCompile Include="..\ExpDiaLib\Sources\Dia_Color.c">
      <Filter>Source Files</Filter>
    </ClCompile>
    <ClCompile Include="..\ExpDiaLib\Sources\Dia_ColorClass.c">
      <Filter>Source Files</Filter>
    </ClCompile>
    <ClCompile Include="..\ExpDiaLib\Sources\Dia_Common.c">
      <Filter>Source Files</Filter>
    </ClCompile>
    <ClCompile Include="..\ExpDiaLib\Sources\Dia_CommonClass.c">
      <Filter>Source Files</Filter>
    </ClCompile>
    <ClCompile Include="..\ExpDiaLib\Sources\Dia_CommonInfo.c">
      <Filter>Source Files</Filter>
    </ClCompile>
    <ClCompile Include="..\ExpDiaLib\Sources\Dia_CorpClass.c">
      <Filter>Source Files</Filter>
    </ClCompile>
    <ClCompile Include="..\ExpDiaLib\Sources\Dia_CorpV1.c">
      <Filter>Source Files</Filter>
    </ClCompile>
    <ClCompile Include="..\ExpDiaLib\Sources\Dia_CorpV2.c">
      <Filter>Source Files</Filter>
    </ClCompile>
    <ClCompile Include="..\ExpDiaLib\Sources\Dia_DiaClass.c">
      <Filter>Source Files</Filter>
    </ClCompile>
    <ClCompile Include="..\ExpDiaLib\Sources\Dia_DriveV1.c">
      <Filter>Source Files</Filter>
    </ClCompile>
    <ClCompile Include="..\ExpDiaLib\Sources\Dia_DriveV2.c">
      <Filter>Source Files</Filter>
    </ClCompile>
    <ClCompile Include="..\ExpDiaLib\Sources\Dia_RouteV1.c">
      <Filter>Source Files</Filter>
    </ClCompile>
    <ClCompile Include="..\ExpDiaLib\Sources\Dia_RouteV2.c">
      <Filter>Source Files</Filter>
    </ClCompile>
    <ClCompile Include="..\ExpDiaLib\Sources\Dia_SectionClass.c">
      <Filter>Source Files</Filter>
    </ClCompile>
    <ClCompile Include="..\ExpDiaLib\Sources\Dia_SectionClass_Nickname.c">
      <Filter>Source Files</Filter>
    </ClCompile>
    <ClCompile Include="..\ExpDiaLib\Sources\Dia_SectionClass_Pattern.c">
      <Filter>Source Files</Filter>
    </ClCompile>
    <ClCompile Include="..\ExpDiaLib\Sources\Dia_SectionNicknameV1.c">
      <Filter>Source Files</Filter>
    </ClCompile>
    <ClCompile Include="..\ExpDiaLib\Sources\Dia_SectionNicknameV2.c">
      <Filter>Source Files</Filter>
    </ClCompile>
    <ClCompile Include="..\ExpDiaLib\Sources\Dia_SectionPatternV1.c">
      <Filter>Source Files</Filter>
    </ClCompile>
    <ClCompile Include="..\ExpDiaLib\Sources\Dia_SectionPatternV2.c">
      <Filter>Source Files</Filter>
    </ClCompile>
    <ClCompile Include="..\ExpDiaLib\Sources\Dia_SectionV1.c">
      <Filter>Source Files</Filter>
    </ClCompile>
    <ClCompile Include="..\ExpDiaLib\Sources\Dia_SectionV2.c">
      <Filter>Source Files</Filter>
    </ClCompile>
    <ClCompile Include="..\ExpDiaLib\Sources\Dia_StationClass.c">
      <Filter>Source Files</Filter>
    </ClCompile>
    <ClCompile Include="..\ExpDiaLib\Sources\Dia_StationV1.c">
      <Filter>Source Files</Filter>
    </ClCompile>
    <ClCompile Include="..\ExpDiaLib\Sources\Dia_StationV2.c">
      <Filter>Source Files</Filter>
    </ClCompile>
    <ClCompile Include="..\ExpDiaLib\Sources\Dia_TextClass.c">
      <Filter>Source Files</Filter>
    </ClCompile>
    <ClCompile Include="..\ExpDiaLib\Sources\Dia_TextV1.c">
      <Filter>Source Files</Filter>
    </ClCompile>
    <ClCompile Include="..\ExpDiaLib\Sources\Dia_TextV2.c">
      <Filter>Source Files</Filter>
    </ClCompile>
    <ClCompile Include="..\ExpDiaLib\Sources\Dia_TrainClass.c">
      <Filter>Source Files</Filter>
    </ClCompile>
    <ClCompile Include="..\ExpDiaLib\Sources\Dia_TrainClass_Drive.c">
      <Filter>Source Files</Filter>
    </ClCompile>
    <ClCompile Include="..\ExpDiaLib\Sources\Dia_TrainClass_Kind.c">
      <Filter>Source Files</Filter>
    </ClCompile>
    <ClCompile Include="..\ExpDiaLib\Sources\Dia_TrainClass_Name.c">
      <Filter>Source Files</Filter>
    </ClCompile>
    <ClCompile Include="..\ExpDiaLib\Sources\Dia_TrainClass_Topic.c">
      <Filter>Source Files</Filter>
    </ClCompile>
    <ClCompile Include="..\ExpDiaLib\Sources\Dia_TrainKindV1.c">
      <Filter>Source Files</Filter>
    </ClCompile>
    <ClCompile Include="..\ExpDiaLib\Sources\Dia_TrainKindV2.c">
      <Filter>Source Files</Filter>
    </ClCompile>
    <ClCompile Include="..\ExpDiaLib\Sources\Dia_TrainNameV1.c">
      <Filter>Source Files</Filter>
    </ClCompile>
    <ClCompile Include="..\ExpDiaLib\Sources\Dia_TrainNameV2.c">
      <Filter>Source Files</Filter>
    </ClCompile>
    <ClCompile Include="..\ExpDiaLib\Sources\Dia_TrainV1.c">
      <Filter>Source Files</Filter>
    </ClCompile>
    <ClCompile Include="..\ExpDiaLib\Sources\Dia_TrainV2.c">
      <Filter>Source Files</Filter>
    </ClCompile>
    <ClCompile Include="..\ExpDiaLib\Sources\ExpDiaDataBase.c">
      <Filter>Source Files</Filter>
    </ClCompile>
    <ClCompile Include="..\ExpDiaLib\Sources\ExpDiaFileEntry.c">
      <Filter>Source Files</Filter>
    </ClCompile>
    <ClCompile Include="..\ExpDiaLib\Sources\ExpDiaName.c">
      <Filter>Source Files</Filter>
    </ClCompile>
    <ClCompile Include="..\ExpDiaLib\Sources\ExpDiaTraceTrain.c">
      <Filter>Source Files</Filter>
    </ClCompile>
    <ClCompile Include="..\ExpDiaLib\Sources\ExpDiaVersion.c">
      <Filter>Source Files</Filter>
    </ClCompile>
    <ClCompile Include="..\ExpDiaLib\ViewSources\Dia_CollectViewV2.c">
      <Filter>Source Files</Filter>
    </ClCompile>
    <ClCompile Include="..\ExpDiaLib\ViewSources\Dia_CommonInfoViewV1.c">
      <Filter>Source Files</Filter>
    </ClCompile>
    <ClCompile Include="..\ExpDiaLib\ViewSources\Dia_CommonInfoViewV2.c">
      <Filter>Source Files</Filter>
    </ClCompile>
    <ClCompile Include="..\ExpDiaLib\ViewSources\Dia_SectionViewV1.c">
      <Filter>Source Files</Filter>
    </ClCompile>
    <ClCompile Include="..\ExpDiaLib\ViewSources\Dia_SectionViewV2.c">
      <Filter>Source Files</Filter>
    </ClCompile>
    <ClCompile Include="..\ExpDiaLib\ViewSources\Dia_StationViewV2.c">
      <Filter>Source Files</Filter>
    </ClCompile>
    <ClCompile Include="..\ExpDiaLib\ViewSources\Dia_TrainViewV2.c">
      <Filter>Source Files</Filter>
    </ClCompile>
    <ClCompile Include="..\ExpDiaLib\ViewSources\Dia_ViewV1.c">
      <Filter>Source Files</Filter>
    </ClCompile>
    <ClCompile Include="..\ExpDiaLib\ViewSources\Dia_ViewV2.c">
      <Filter>Source Files</Filter>
    </ClCompile>
    <ClCompile Include="..\ExpToku\Sources\ExpTokuToku.c">
      <Filter>Source Files</Filter>
    </ClCompile>
    <ClCompile Include="..\RosenMap\Sources\ExpMapFile.c">
      <Filter>Source Files</Filter>
    </ClCompile>
    <ClCompile Include="..\RosenMap\Sources\ExpMapFileCtrl.c">
      <Filter>Source Files</Filter>
    </ClCompile>
    <ClCompile Include="..\RosenMap\Sources\ExpMapImg.c">
      <Filter>Source Files</Filter>
    </ClCompile>
    <ClCompile Include="..\RosenMap\Sources\ExpMapImgFile.c">
      <Filter>Source Files</Filter>
    </ClCompile>
    <ClCompile Include="..\RosenMap\Sources\ExpMapItem.c">
      <Filter>Source Files</Filter>
    </ClCompile>
    <ClCompile Include="..\RosenMap\Sources\ExpMapItemFile.c">
      <Filter>Source Files</Filter>
    </ClCompile>
    <ClCompile Include="..\RosenMap\Sources\ExpMapPack.c">
      <Filter>Source Files</Filter>
    </ClCompile>
    <ClCompile Include="..\RosenMap\Sources\ExpMapTool.c">
      <Filter>Source Files</Filter>
    </ClCompile>
  </ItemGroup>
  <ItemGroup>
    <CustomBuild Include="..\CMakeLists.txt" />
  </ItemGroup>
  <ItemGroup>
    <Filter Include="Source Files">
      <UniqueIdentifier>{A40F743C-23E4-413B-B157-33CB58F1D16A}</UniqueIdentifier>
    </Filter>
  </ItemGroup>
</Project>
